
Microsoft Visual Studio Solution File, Format Version 12.00
# Visual Studio Version 17
VisualStudioVersion = 17.8.34525.116
MinimumVisualStudioVersion = 10.0.40219.1
Project("{FAE04EC0-301F-11D3-BF4B-00C04F79EFBC}") = "connect-Aspusing-C.netandxml", "connect-Aspusing-C.netandxml\connect-Aspusing-C.netandxml.csproj", "{D02EA477-5979-4F18-AF71-83DD6641EBC5}"
EndProject
Global
	GlobalSection(SolutionConfigurationPlatforms) = preSolution
		Debug|Any CPU = Debug|Any CPU
		Release|Any CPU = Release|Any CPU
	EndGlobalSection
	GlobalSection(ProjectConfigurationPlatforms) = postSolution
		{D02EA477-5979-4F18-AF71-83DD6641EBC5}.Debug|Any CPU.ActiveCfg = Debug|Any CPU
		{D02EA477-5979-4F18-AF71-83DD6641EBC5}.Debug|Any CPU.Build.0 = Debug|Any CPU
		{D02EA477-5979-4F18-AF71-83DD6641EBC5}.Release|Any CPU.ActiveCfg = Release|Any CPU
		{D02EA477-5979-4F18-AF71-83DD6641EBC5}.Release|Any CPU.Build.0 = Release|Any CPU
	EndGlobalSection
	GlobalSection(SolutionProperties) = preSolution
		HideSolutionNode = FALSE
	EndGlobalSection
	GlobalSection(ExtensibilityGlobals) = postSolution
		SolutionGuid = {176A0060-976B-4883-A3C7-CFCB6B536504}
	EndGlobalSection
EndGlobal
